
Microsoft Visual Studio Solution File, Format Version 10.00
# Visual Studio 2008
Project("{FAE04EC0-301F-11D3-BF4B-00C04F79EFBC}") = "Engine", "Doe\Engine.csproj", "{53A04773-9DFD-4BD9-94ED-744341273BCB}"
	ProjectSection(ProjectDependencies) = postProject
		{D591AC05-A569-4E95-9216-B1D9A71E94E7} = {D591AC05-A569-4E95-9216-B1D9A71E94E7}
		{5323E017-F228-45AB-8970-45E8F5BB3CB6} = {5323E017-F228-45AB-8970-45E8F5BB3CB6}
	EndProjectSection
EndProject
Project("{FAE04EC0-301F-11D3-BF4B-00C04F79EFBC}") = "PlugBase", "PlugBase\PlugBase.csproj", "{5323E017-F228-45AB-8970-45E8F5BB3CB6}"
EndProject
Project("{FAE04EC0-301F-11D3-BF4B-00C04F79EFBC}") = "XMLReadWrite", "XMLReadWrite\XMLReadWrite.csproj", "{D591AC05-A569-4E95-9216-B1D9A71E94E7}"
EndProject
Project("{2150E333-8FDC-42A3-9474-1A3956D46DE8}") = "XML", "XML", "{653A8962-28F1-4864-B35A-92B0DEE2C1B0}"
	ProjectSection(SolutionItems) = preProject
		Model.txt = Model.txt
		plugConf.xml = plugConf.xml
		plugConf.xsd = plugConf.xsd
	EndProjectSection
EndProject
Global
	GlobalSection(SolutionConfigurationPlatforms) = preSolution
		Debug|Any CPU = Debug|Any CPU
		Release|Any CPU = Release|Any CPU
	EndGlobalSection
	GlobalSection(ProjectConfigurationPlatforms) = postSolution
		{53A04773-9DFD-4BD9-94ED-744341273BCB}.Debug|Any CPU.ActiveCfg = Debug|Any CPU
		{53A04773-9DFD-4BD9-94ED-744341273BCB}.Debug|Any CPU.Build.0 = Debug|Any CPU
		{53A04773-9DFD-4BD9-94ED-744341273BCB}.Release|Any CPU.ActiveCfg = Release|Any CPU
		{53A04773-9DFD-4BD9-94ED-744341273BCB}.Release|Any CPU.Build.0 = Release|Any CPU
		{5323E017-F228-45AB-8970-45E8F5BB3CB6}.Debug|Any CPU.ActiveCfg = Debug|Any CPU
		{5323E017-F228-45AB-8970-45E8F5BB3CB6}.Debug|Any CPU.Build.0 = Debug|Any CPU
		{5323E017-F228-45AB-8970-45E8F5BB3CB6}.Release|Any CPU.ActiveCfg = Release|Any CPU
		{5323E017-F228-45AB-8970-45E8F5BB3CB6}.Release|Any CPU.Build.0 = Release|Any CPU
		{D591AC05-A569-4E95-9216-B1D9A71E94E7}.Debug|Any CPU.ActiveCfg = Debug|Any CPU
		{D591AC05-A569-4E95-9216-B1D9A71E94E7}.Debug|Any CPU.Build.0 = Debug|Any CPU
		{D591AC05-A569-4E95-9216-B1D9A71E94E7}.Release|Any CPU.ActiveCfg = Release|Any CPU
		{D591AC05-A569-4E95-9216-B1D9A71E94E7}.Release|Any CPU.Build.0 = Release|Any CPU
	EndGlobalSection
	GlobalSection(SolutionProperties) = preSolution
		HideSolutionNode = FALSE
	EndGlobalSection
EndGlobal
