
Microsoft Visual Studio Solution File, Format Version 10.00
# Visual Studio 2008
Project("{FAE04EC0-301F-11D3-BF4B-00C04F79EFBC}") = "Fawn", "Fawn\Fawn.csproj", "{28E7920D-1D52-42C2-83DF-204F53764C5A}"
EndProject
Global
	GlobalSection(SolutionConfigurationPlatforms) = preSolution
		Debug|Any CPU = Debug|Any CPU
		Release|Any CPU = Release|Any CPU
	EndGlobalSection
	GlobalSection(ProjectConfigurationPlatforms) = postSolution
		{28E7920D-1D52-42C2-83DF-204F53764C5A}.Debug|Any CPU.ActiveCfg = Debug|Any CPU
		{28E7920D-1D52-42C2-83DF-204F53764C5A}.Debug|Any CPU.Build.0 = Debug|Any CPU
		{28E7920D-1D52-42C2-83DF-204F53764C5A}.Release|Any CPU.ActiveCfg = Release|Any CPU
		{28E7920D-1D52-42C2-83DF-204F53764C5A}.Release|Any CPU.Build.0 = Release|Any CPU
	EndGlobalSection
EndGlobal
